
Microsoft Visual Studio Solution File, Format Version 12.00
# Visual Studio Version 16
VisualStudioVersion = 16.0.28803.352
MinimumVisualStudioVersion = 10.0.40219.1
Project("{888888A0-9F3D-457C-B088-3A5042F75D52}") = "StrawData", "StrawData\StrawData.pyproj", "{BFE2B578-9C4F-48CC-86A5-77CB0F1578D8}"
EndProject
Global
	GlobalSection(SolutionConfigurationPlatforms) = preSolution
		Debug|Any CPU = Debug|Any CPU
		Release|Any CPU = Release|Any CPU
	EndGlobalSection
	GlobalSection(ProjectConfigurationPlatforms) = postSolution
		{BFE2B578-9C4F-48CC-86A5-77CB0F1578D8}.Debug|Any CPU.ActiveCfg = Debug|Any CPU
		{BFE2B578-9C4F-48CC-86A5-77CB0F1578D8}.Release|Any CPU.ActiveCfg = Release|Any CPU
	EndGlobalSection
	GlobalSection(SolutionProperties) = preSolution
		HideSolutionNode = FALSE
	EndGlobalSection
	GlobalSection(ExtensibilityGlobals) = postSolution
		SolutionGuid = {689D9EA5-7ED0-4370-B07A-3AA10321985B}
	EndGlobalSection
EndGlobal
